
Microsoft Visual Studio Solution File, Format Version 12.00
# Visual Studio 15
VisualStudioVersion = 15.0.28307.329
MinimumVisualStudioVersion = 10.0.40219.1
Project("{9A19103F-16F7-4668-BE54-9A1E7A4F7556}") = "EduChannel.Domain", "EduChannel.Domain\EduChannel.Domain.csproj", "{9000A89B-C2E1-4DB4-AF89-E2096C465A32}"
EndProject
Project("{9A19103F-16F7-4668-BE54-9A1E7A4F7556}") = "EduChannel.Data", "EduChannel.Data\EduChannel.Data.csproj", "{F322EB53-F911-4921-8D18-37AED8388F76}"
EndProject
Project("{9A19103F-16F7-4668-BE54-9A1E7A4F7556}") = "EduChannelApp", "EduChannelApp\EduChannelApp.csproj", "{B6A8A8FF-A156-4226-8308-C3C980A051C6}"
EndProject
Project("{FAE04EC0-301F-11D3-BF4B-00C04F79EFBC}") = "EduChannel.Repository", "EduChannel.Repository\EduChannel.Repository.csproj", "{11CAAA50-1786-470F-9CFA-25D3256087DC}"
EndProject
Global
	GlobalSection(SolutionConfigurationPlatforms) = preSolution
		Debug|Any CPU = Debug|Any CPU
		Release|Any CPU = Release|Any CPU
	EndGlobalSection
	GlobalSection(ProjectConfigurationPlatforms) = postSolution
		{9000A89B-C2E1-4DB4-AF89-E2096C465A32}.Debug|Any CPU.ActiveCfg = Debug|Any CPU
		{9000A89B-C2E1-4DB4-AF89-E2096C465A32}.Debug|Any CPU.Build.0 = Debug|Any CPU
		{9000A89B-C2E1-4DB4-AF89-E2096C465A32}.Release|Any CPU.ActiveCfg = Release|Any CPU
		{9000A89B-C2E1-4DB4-AF89-E2096C465A32}.Release|Any CPU.Build.0 = Release|Any CPU
		{F322EB53-F911-4921-8D18-37AED8388F76}.Debug|Any CPU.ActiveCfg = Debug|Any CPU
		{F322EB53-F911-4921-8D18-37AED8388F76}.Debug|Any CPU.Build.0 = Debug|Any CPU
		{F322EB53-F911-4921-8D18-37AED8388F76}.Release|Any CPU.ActiveCfg = Release|Any CPU
		{F322EB53-F911-4921-8D18-37AED8388F76}.Release|Any CPU.Build.0 = Release|Any CPU
		{B6A8A8FF-A156-4226-8308-C3C980A051C6}.Debug|Any CPU.ActiveCfg = Debug|Any CPU
		{B6A8A8FF-A156-4226-8308-C3C980A051C6}.Debug|Any CPU.Build.0 = Debug|Any CPU
		{B6A8A8FF-A156-4226-8308-C3C980A051C6}.Release|Any CPU.ActiveCfg = Release|Any CPU
		{B6A8A8FF-A156-4226-8308-C3C980A051C6}.Release|Any CPU.Build.0 = Release|Any CPU
		{11CAAA50-1786-470F-9CFA-25D3256087DC}.Debug|Any CPU.ActiveCfg = Debug|Any CPU
		{11CAAA50-1786-470F-9CFA-25D3256087DC}.Debug|Any CPU.Build.0 = Debug|Any CPU
		{11CAAA50-1786-470F-9CFA-25D3256087DC}.Release|Any CPU.ActiveCfg = Release|Any CPU
		{11CAAA50-1786-470F-9CFA-25D3256087DC}.Release|Any CPU.Build.0 = Release|Any CPU
	EndGlobalSection
	GlobalSection(SolutionProperties) = preSolution
		HideSolutionNode = FALSE
	EndGlobalSection
	GlobalSection(ExtensibilityGlobals) = postSolution
		SolutionGuid = {5028F166-04EF-455B-BE97-A680E5F6C87B}
	EndGlobalSection
EndGlobal
